
Microsoft Visual Studio Solution File, Format Version 12.00
# Visual Studio 15
VisualStudioVersion = 15.0.27130.2020
MinimumVisualStudioVersion = 10.0.40219.1
Project("{FAE04EC0-301F-11D3-BF4B-00C04F79EFBC}") = "MyInvoice", "MyInvoice\MyInvoice.csproj", "{002E43FD-A3F1-4915-A3F8-FE10091C6B47}"
EndProject
Project("{FAE04EC0-301F-11D3-BF4B-00C04F79EFBC}") = "MyInvoice.Tests", "MyInvoice.Tests\MyInvoice.Tests.csproj", "{8E60BBFE-7ED9-4039-9957-051A715F249F}"
EndProject
Global
	GlobalSection(SolutionConfigurationPlatforms) = preSolution
		Debug|Any CPU = Debug|Any CPU
		Release|Any CPU = Release|Any CPU
	EndGlobalSection
	GlobalSection(ProjectConfigurationPlatforms) = postSolution
		{002E43FD-A3F1-4915-A3F8-FE10091C6B47}.Debug|Any CPU.ActiveCfg = Debug|Any CPU
		{002E43FD-A3F1-4915-A3F8-FE10091C6B47}.Debug|Any CPU.Build.0 = Debug|Any CPU
		{002E43FD-A3F1-4915-A3F8-FE10091C6B47}.Release|Any CPU.ActiveCfg = Release|Any CPU
		{002E43FD-A3F1-4915-A3F8-FE10091C6B47}.Release|Any CPU.Build.0 = Release|Any CPU
		{8E60BBFE-7ED9-4039-9957-051A715F249F}.Debug|Any CPU.ActiveCfg = Debug|Any CPU
		{8E60BBFE-7ED9-4039-9957-051A715F249F}.Debug|Any CPU.Build.0 = Debug|Any CPU
		{8E60BBFE-7ED9-4039-9957-051A715F249F}.Release|Any CPU.ActiveCfg = Release|Any CPU
		{8E60BBFE-7ED9-4039-9957-051A715F249F}.Release|Any CPU.Build.0 = Release|Any CPU
	EndGlobalSection
	GlobalSection(SolutionProperties) = preSolution
		HideSolutionNode = FALSE
	EndGlobalSection
	GlobalSection(ExtensibilityGlobals) = postSolution
		SolutionGuid = {A96A6901-2163-4E32-B200-2C1EB4E83033}
	EndGlobalSection
EndGlobal
